
Microsoft Visual Studio Solution File, Format Version 12.00
# Visual Studio Version 17
VisualStudioVersion = 17.0.31903.59
MinimumVisualStudioVersion = 10.0.40219.1
Project("{FAE04EC0-301F-11D3-BF4B-00C04F79EFBC}") = "Dominio", "Dominio\Dominio.csproj", "{8784F077-239F-4642-B1C4-ED63DDF9641E}"
EndProject
Project("{FAE04EC0-301F-11D3-BF4B-00C04F79EFBC}") = "Aplicacion", "Aplicacion\Aplicacion.csproj", "{ACB67229-0527-4B1C-ACE1-A6613FEA5AD7}"
EndProject
Project("{FAE04EC0-301F-11D3-BF4B-00C04F79EFBC}") = "Persistencia", "Persistencia\Persistencia.csproj", "{D3E449B8-1D78-4CA4-9233-FA1E81791DD4}"
EndProject
Project("{FAE04EC0-301F-11D3-BF4B-00C04F79EFBC}") = "WebAPI", "WebAPI\WebAPI.csproj", "{646C15A0-DD95-4F42-8A49-64743D210E90}"
EndProject
Global
	GlobalSection(SolutionConfigurationPlatforms) = preSolution
		Debug|Any CPU = Debug|Any CPU
		Release|Any CPU = Release|Any CPU
	EndGlobalSection
	GlobalSection(SolutionProperties) = preSolution
		HideSolutionNode = FALSE
	EndGlobalSection
	GlobalSection(ProjectConfigurationPlatforms) = postSolution
		{8784F077-239F-4642-B1C4-ED63DDF9641E}.Debug|Any CPU.ActiveCfg = Debug|Any CPU
		{8784F077-239F-4642-B1C4-ED63DDF9641E}.Debug|Any CPU.Build.0 = Debug|Any CPU
		{8784F077-239F-4642-B1C4-ED63DDF9641E}.Release|Any CPU.ActiveCfg = Release|Any CPU
		{8784F077-239F-4642-B1C4-ED63DDF9641E}.Release|Any CPU.Build.0 = Release|Any CPU
		{ACB67229-0527-4B1C-ACE1-A6613FEA5AD7}.Debug|Any CPU.ActiveCfg = Debug|Any CPU
		{ACB67229-0527-4B1C-ACE1-A6613FEA5AD7}.Debug|Any CPU.Build.0 = Debug|Any CPU
		{ACB67229-0527-4B1C-ACE1-A6613FEA5AD7}.Release|Any CPU.ActiveCfg = Release|Any CPU
		{ACB67229-0527-4B1C-ACE1-A6613FEA5AD7}.Release|Any CPU.Build.0 = Release|Any CPU
		{D3E449B8-1D78-4CA4-9233-FA1E81791DD4}.Debug|Any CPU.ActiveCfg = Debug|Any CPU
		{D3E449B8-1D78-4CA4-9233-FA1E81791DD4}.Debug|Any CPU.Build.0 = Debug|Any CPU
		{D3E449B8-1D78-4CA4-9233-FA1E81791DD4}.Release|Any CPU.ActiveCfg = Release|Any CPU
		{D3E449B8-1D78-4CA4-9233-FA1E81791DD4}.Release|Any CPU.Build.0 = Release|Any CPU
		{646C15A0-DD95-4F42-8A49-64743D210E90}.Debug|Any CPU.ActiveCfg = Debug|Any CPU
		{646C15A0-DD95-4F42-8A49-64743D210E90}.Debug|Any CPU.Build.0 = Debug|Any CPU
		{646C15A0-DD95-4F42-8A49-64743D210E90}.Release|Any CPU.ActiveCfg = Release|Any CPU
		{646C15A0-DD95-4F42-8A49-64743D210E90}.Release|Any CPU.Build.0 = Release|Any CPU
	EndGlobalSection
EndGlobal
